
Microsoft Visual Studio Solution File, Format Version 12.00
# Visual Studio Version 16
VisualStudioVersion = 16.0.30413.136
MinimumVisualStudioVersion = 10.0.40219.1
Project("{FAE04EC0-301F-11D3-BF4B-00C04F79EFBC}") = "TicketSystem", "TicketSystem\TicketSystem.csproj", "{A159A224-27F7-413F-A4FB-4D5667E7B1BE}"
EndProject
Global
	GlobalSection(SolutionConfigurationPlatforms) = preSolution
		Debug|Any CPU = Debug|Any CPU
		Release|Any CPU = Release|Any CPU
	EndGlobalSection
	GlobalSection(ProjectConfigurationPlatforms) = postSolution
		{A159A224-27F7-413F-A4FB-4D5667E7B1BE}.Debug|Any CPU.ActiveCfg = Debug|Any CPU
		{A159A224-27F7-413F-A4FB-4D5667E7B1BE}.Debug|Any CPU.Build.0 = Debug|Any CPU
		{A159A224-27F7-413F-A4FB-4D5667E7B1BE}.Release|Any CPU.ActiveCfg = Release|Any CPU
		{A159A224-27F7-413F-A4FB-4D5667E7B1BE}.Release|Any CPU.Build.0 = Release|Any CPU
	EndGlobalSection
	GlobalSection(SolutionProperties) = preSolution
		HideSolutionNode = FALSE
	EndGlobalSection
	GlobalSection(ExtensibilityGlobals) = postSolution
		SolutionGuid = {78E02479-BD3A-4628-9E30-C054D66F5DD1}
	EndGlobalSection
EndGlobal
